
Microsoft Visual Studio Solution File, Format Version 12.00
# Visual Studio Version 16
VisualStudioVersion = 16.0.29215.179
MinimumVisualStudioVersion = 10.0.40219.1
Project("{9A19103F-16F7-4668-BE54-9A1E7A4F7556}") = "MLBlackjack", "MLBlackjack\MLBlackjack.csproj", "{FB84CD94-1B86-4600-8F09-846FD177182E}"
EndProject
Project("{FAE04EC0-301F-11D3-BF4B-00C04F79EFBC}") = "MLBlackjack.UnitTests", "MLBlackjack.UnitTests\MLBlackjack.UnitTests.csproj", "{8EB4CDF1-447E-42FB-AE7E-E4152EA001C4}"
EndProject
Global
	GlobalSection(SolutionConfigurationPlatforms) = preSolution
		Debug|Any CPU = Debug|Any CPU
		Release|Any CPU = Release|Any CPU
	EndGlobalSection
	GlobalSection(ProjectConfigurationPlatforms) = postSolution
		{FB84CD94-1B86-4600-8F09-846FD177182E}.Debug|Any CPU.ActiveCfg = Debug|Any CPU
		{FB84CD94-1B86-4600-8F09-846FD177182E}.Debug|Any CPU.Build.0 = Debug|Any CPU
		{FB84CD94-1B86-4600-8F09-846FD177182E}.Release|Any CPU.ActiveCfg = Release|Any CPU
		{FB84CD94-1B86-4600-8F09-846FD177182E}.Release|Any CPU.Build.0 = Release|Any CPU
		{8EB4CDF1-447E-42FB-AE7E-E4152EA001C4}.Debug|Any CPU.ActiveCfg = Debug|Any CPU
		{8EB4CDF1-447E-42FB-AE7E-E4152EA001C4}.Debug|Any CPU.Build.0 = Debug|Any CPU
		{8EB4CDF1-447E-42FB-AE7E-E4152EA001C4}.Release|Any CPU.ActiveCfg = Release|Any CPU
		{8EB4CDF1-447E-42FB-AE7E-E4152EA001C4}.Release|Any CPU.Build.0 = Release|Any CPU
	EndGlobalSection
	GlobalSection(SolutionProperties) = preSolution
		HideSolutionNode = FALSE
	EndGlobalSection
	GlobalSection(ExtensibilityGlobals) = postSolution
		SolutionGuid = {BD33C203-BE53-454D-AFD6-1EA3293FFF16}
	EndGlobalSection
EndGlobal
